// !$*UTF8*$!
{
	archiveVersion = 1;
	classes = {
	};
	objectVersion = 56;
	objects = {

/* Begin PBXBuildFile section */
		8370E8A02909E3710049983E /* BookSearchApp.swift in Sources */ = {isa = PBXBuildFile; fileRef = 8370E89F2909E3710049983E /* BookSearchApp.swift */; };
		8370E8A22909E3710049983E /* ContentView.swift in Sources */ = {isa = PBXBuildFile; fileRef = 8370E8A12909E3710049983E /* ContentView.swift */; };
		8370E8A42909E3720049983E /* Assets.xcassets in Resources */ = {isa = PBXBuildFile; fileRef = 8370E8A32909E3720049983E /* Assets.xcassets */; };
		8370E8A82909E3720049983E /* Preview Assets.xcassets in Resources */ = {isa = PBXBuildFile; fileRef = 8370E8A72909E3720049983E /* Preview Assets.xcassets */; };
		838711102909E5E0003D14AD /* GoogleBooksServiceTests.swift in Sources */ = {isa = PBXBuildFile; fileRef = 8387110F2909E5E0003D14AD /* GoogleBooksServiceTests.swift */; };
		838711122909E73E003D14AD /* GoogleBookService.swift in Sources */ = {isa = PBXBuildFile; fileRef = 838711112909E73E003D14AD /* GoogleBookService.swift */; };
		838711142909E9F2003D14AD /* BookSearchResponse.swift in Sources */ = {isa = PBXBuildFile; fileRef = 838711132909E9F2003D14AD /* BookSearchResponse.swift */; };
		838711172909EDD4003D14AD /* String+Additions.swift in Sources */ = {isa = PBXBuildFile; fileRef = 838711162909EDD4003D14AD /* String+Additions.swift */; };
		8387111A2909F657003D14AD /* Book.swift in Sources */ = {isa = PBXBuildFile; fileRef = 838711192909F657003D14AD /* Book.swift */; };
		8387111C2909F678003D14AD /* BookSearchResult.swift in Sources */ = {isa = PBXBuildFile; fileRef = 8387111B2909F678003D14AD /* BookSearchResult.swift */; };
		838711202909F867003D14AD /* BooksView.swift in Sources */ = {isa = PBXBuildFile; fileRef = 8387111F2909F867003D14AD /* BooksView.swift */; };
		838711222909F881003D14AD /* BookDetailView.swift in Sources */ = {isa = PBXBuildFile; fileRef = 838711212909F881003D14AD /* BookDetailView.swift */; };
		838711242909F8D9003D14AD /* BookSearchModel.swift in Sources */ = {isa = PBXBuildFile; fileRef = 838711232909F8D9003D14AD /* BookSearchModel.swift */; };
		83871126290A29C7003D14AD /* BookThumbnail.swift in Sources */ = {isa = PBXBuildFile; fileRef = 83871125290A29C7003D14AD /* BookThumbnail.swift */; };
/* End PBXBuildFile section */

/* Begin PBXContainerItemProxy section */
		8370E8AE2909E3730049983E /* PBXContainerItemProxy */ = {
			isa = PBXContainerItemProxy;
			containerPortal = 8370E8942909E3710049983E /* Project object */;
			proxyType = 1;
			remoteGlobalIDString = 8370E89B2909E3710049983E;
			remoteInfo = BookSearch;
		};
/* End PBXContainerItemProxy section */

/* Begin PBXFileReference section */
		8370E89C2909E3710049983E /* BookSearch.app */ = {isa = PBXFileReference; explicitFileType = wrapper.application; includeInIndex = 0; path = BookSearch.app; sourceTree = BUILT_PRODUCTS_DIR; };
		8370E89F2909E3710049983E /* BookSearchApp.swift */ = {isa = PBXFileReference; lastKnownFileType = sourcecode.swift; path = BookSearchApp.swift; sourceTree = "<group>"; };
		8370E8A12909E3710049983E /* ContentView.swift */ = {isa = PBXFileReference; lastKnownFileType = sourcecode.swift; path = ContentView.swift; sourceTree = "<group>"; };
		8370E8A32909E3720049983E /* Assets.xcassets */ = {isa = PBXFileReference; lastKnownFileType = folder.assetcatalog; path = Assets.xcassets; sourceTree = "<group>"; };
		8370E8A52909E3720049983E /* BookSearch.entitlements */ = {isa = PBXFileReference; lastKnownFileType = text.plist.entitlements; path = BookSearch.entitlements; sourceTree = "<group>"; };
		8370E8A72909E3720049983E /* Preview Assets.xcassets */ = {isa = PBXFileReference; lastKnownFileType = folder.assetcatalog; path = "Preview Assets.xcassets"; sourceTree = "<group>"; };
		8370E8AD2909E3730049983E /* BookSearchTests.xctest */ = {isa = PBXFileReference; explicitFileType = wrapper.cfbundle; includeInIndex = 0; path = BookSearchTests.xctest; sourceTree = BUILT_PRODUCTS_DIR; };
		8387110F2909E5E0003D14AD /* GoogleBooksServiceTests.swift */ = {isa = PBXFileReference; lastKnownFileType = sourcecode.swift; path = GoogleBooksServiceTests.swift; sourceTree = "<group>"; };
		838711112909E73E003D14AD /* GoogleBookService.swift */ = {isa = PBXFileReference; lastKnownFileType = sourcecode.swift; path = GoogleBookService.swift; sourceTree = "<group>"; };
		838711132909E9F2003D14AD /* BookSearchResponse.swift */ = {isa = PBXFileReference; lastKnownFileType = sourcecode.swift; path = BookSearchResponse.swift; sourceTree = "<group>"; };
		838711162909EDD4003D14AD /* String+Additions.swift */ = {isa = PBXFileReference; lastKnownFileType = sourcecode.swift; path = "String+Additions.swift"; sourceTree = "<group>"; };
		838711192909F657003D14AD /* Book.swift */ = {isa = PBXFileReference; lastKnownFileType = sourcecode.swift; path = Book.swift; sourceTree = "<group>"; };
		8387111B2909F678003D14AD /* BookSearchResult.swift */ = {isa = PBXFileReference; lastKnownFileType = sourcecode.swift; path = BookSearchResult.swift; sourceTree = "<group>"; };
		8387111F2909F867003D14AD /* BooksView.swift */ = {isa = PBXFileReference; lastKnownFileType = sourcecode.swift; path = BooksView.swift; sourceTree = "<group>"; };
		838711212909F881003D14AD /* BookDetailView.swift */ = {isa = PBXFileReference; lastKnownFileType = sourcecode.swift; path = BookDetailView.swift; sourceTree = "<group>"; };
		838711232909F8D9003D14AD /* BookSearchModel.swift */ = {isa = PBXFileReference; lastKnownFileType = sourcecode.swift; path = BookSearchModel.swift; sourceTree = "<group>"; };
		83871125290A29C7003D14AD /* BookThumbnail.swift */ = {isa = PBXFileReference; lastKnownFileType = sourcecode.swift; path = BookThumbnail.swift; sourceTree = "<group>"; };
/* End PBXFileReference section */

/* Begin PBXFrameworksBuildPhase section */
		8370E8992909E3710049983E /* Frameworks */ = {
			isa = PBXFrameworksBuildPhase;
			buildActionMask = 2147483647;
			files = (
			);
			runOnlyForDeploymentPostprocessing = 0;
		};
		8370E8AA2909E3730049983E /* Frameworks */ = {
			isa = PBXFrameworksBuildPhase;
			buildActionMask = 2147483647;
			files = (
			);
			runOnlyForDeploymentPostprocessing = 0;
		};
/* End PBXFrameworksBuildPhase section */

/* Begin PBXGroup section */
		8370E8932909E3710049983E = {
			isa = PBXGroup;
			children = (
				8370E89E2909E3710049983E /* BookSearch */,
				8370E8B02909E3730049983E /* BookSearchTests */,
				8370E8BA2909E3730049983E /* BookSearchUITests */,
				8370E89D2909E3710049983E /* Products */,
			);
			sourceTree = "<group>";
		};
		8370E89D2909E3710049983E /* Products */ = {
			isa = PBXGroup;
			children = (
				8370E89C2909E3710049983E /* BookSearch.app */,
				8370E8AD2909E3730049983E /* BookSearchTests.xctest */,
			);
			name = Products;
			sourceTree = "<group>";
		};
		8370E89E2909E3710049983E /* BookSearch */ = {
			isa = PBXGroup;
			children = (
				8387111E2909F857003D14AD /* ViewModels */,
				8387111D2909F850003D14AD /* Views */,
				838711182909F64A003D14AD /* Models */,
				838711152909EDC4003D14AD /* Utilities */,
				8370E89F2909E3710049983E /* BookSearchApp.swift */,
				8370E8A12909E3710049983E /* ContentView.swift */,
				8370E8A32909E3720049983E /* Assets.xcassets */,
				8370E8A52909E3720049983E /* BookSearch.entitlements */,
				8370E8A62909E3720049983E /* Preview Content */,
				838711112909E73E003D14AD /* GoogleBookService.swift */,
			);
			path = BookSearch;
			sourceTree = "<group>";
		};
		8370E8A62909E3720049983E /* Preview Content */ = {
			isa = PBXGroup;
			children = (
				8370E8A72909E3720049983E /* Preview Assets.xcassets */,
			);
			path = "Preview Content";
			sourceTree = "<group>";
		};
		8370E8B02909E3730049983E /* BookSearchTests */ = {
			isa = PBXGroup;
			children = (
				8387110F2909E5E0003D14AD /* GoogleBooksServiceTests.swift */,
			);
			path = BookSearchTests;
			sourceTree = "<group>";
		};
		8370E8BA2909E3730049983E /* BookSearchUITests */ = {
			isa = PBXGroup;
			children = (
			);
			path = BookSearchUITests;
			sourceTree = "<group>";
		};
		838711152909EDC4003D14AD /* Utilities */ = {
			isa = PBXGroup;
			children = (
				838711162909EDD4003D14AD /* String+Additions.swift */,
			);
			path = Utilities;
			sourceTree = "<group>";
		};
		838711182909F64A003D14AD /* Models */ = {
			isa = PBXGroup;
			children = (
				838711192909F657003D14AD /* Book.swift */,
				8387111B2909F678003D14AD /* BookSearchResult.swift */,
				838711132909E9F2003D14AD /* BookSearchResponse.swift */,
			);
			path = Models;
			sourceTree = "<group>";
		};
		8387111D2909F850003D14AD /* Views */ = {
			isa = PBXGroup;
			children = (
				8387111F2909F867003D14AD /* BooksView.swift */,
				838711212909F881003D14AD /* BookDetailView.swift */,
				83871125290A29C7003D14AD /* BookThumbnail.swift */,
			);
			path = Views;
			sourceTree = "<group>";
		};
		8387111E2909F857003D14AD /* ViewModels */ = {
			isa = PBXGroup;
			children = (
				838711232909F8D9003D14AD /* BookSearchModel.swift */,
			);
			path = ViewModels;
			sourceTree = "<group>";
		};
/* End PBXGroup section */

/* Begin PBXNativeTarget section */
		8370E89B2909E3710049983E /* BookSearch */ = {
			isa = PBXNativeTarget;
			buildConfigurationList = 8370E8C12909E3730049983E /* Build configuration list for PBXNativeTarget "BookSearch" */;
			buildPhases = (
				8370E8982909E3710049983E /* Sources */,
				8370E8992909E3710049983E /* Frameworks */,
				8370E89A2909E3710049983E /* Resources */,
			);
			buildRules = (
			);
			dependencies = (
			);
			name = BookSearch;
			productName = BookSearch;
			productReference = 8370E89C2909E3710049983E /* BookSearch.app */;
			productType = "com.apple.product-type.application";
		};
		8370E8AC2909E3730049983E /* BookSearchTests */ = {
			isa = PBXNativeTarget;
			buildConfigurationList = 8370E8C42909E3730049983E /* Build configuration list for PBXNativeTarget "BookSearchTests" */;
			buildPhases = (
				8370E8A92909E3730049983E /* Sources */,
				8370E8AA2909E3730049983E /* Frameworks */,
				8370E8AB2909E3730049983E /* Resources */,
			);
			buildRules = (
			);
			dependencies = (
				8370E8AF2909E3730049983E /* PBXTargetDependency */,
			);
			name = BookSearchTests;
			productName = BookSearchTests;
			productReference = 8370E8AD2909E3730049983E /* BookSearchTests.xctest */;
			productType = "com.apple.product-type.bundle.unit-test";
		};
/* End PBXNativeTarget section */

/* Begin PBXProject section */
		8370E8942909E3710049983E /* Project object */ = {
			isa = PBXProject;
			attributes = {
				BuildIndependentTargetsInParallel = 1;
				LastSwiftUpdateCheck = 1400;
				LastUpgradeCheck = 1400;
				TargetAttributes = {
					8370E89B2909E3710049983E = {
						CreatedOnToolsVersion = 14.0.1;
					};
					8370E8AC2909E3730049983E = {
						CreatedOnToolsVersion = 14.0.1;
						LastSwiftMigration = 1400;
						TestTargetID = 8370E89B2909E3710049983E;
					};
				};
			};
			buildConfigurationList = 8370E8972909E3710049983E /* Build configuration list for PBXProject "BookSearch" */;
			compatibilityVersion = "Xcode 14.0";
			developmentRegion = en;
			hasScannedForEncodings = 0;
			knownRegions = (
				en,
				Base,
			);
			mainGroup = 8370E8932909E3710049983E;
			productRefGroup = 8370E89D2909E3710049983E /* Products */;
			projectDirPath = "";
			projectRoot = "";
			targets = (
				8370E89B2909E3710049983E /* BookSearch */,
				8370E8AC2909E3730049983E /* BookSearchTests */,
			);
		};
/* End PBXProject section */

/* Begin PBXResourcesBuildPhase section */
		8370E89A2909E3710049983E /* Resources */ = {
			isa = PBXResourcesBuildPhase;
			buildActionMask = 2147483647;
			files = (
				8370E8A82909E3720049983E /* Preview Assets.xcassets in Resources */,
				8370E8A42909E3720049983E /* Assets.xcassets in Resources */,
			);
			runOnlyForDeploymentPostprocessing = 0;
		};
		8370E8AB2909E3730049983E /* Resources */ = {
			isa = PBXResourcesBuildPhase;
			buildActionMask = 2147483647;
			files = (
			);
			runOnlyForDeploymentPostprocessing = 0;
		};
/* End PBXResourcesBuildPhase section */

/* Begin PBXSourcesBuildPhase section */
		8370E8982909E3710049983E /* Sources */ = {
			isa = PBXSourcesBuildPhase;
			buildActionMask = 2147483647;
			files = (
				8370E8A22909E3710049983E /* ContentView.swift in Sources */,
				838711172909EDD4003D14AD /* String+Additions.swift in Sources */,
				838711242909F8D9003D14AD /* BookSearchModel.swift in Sources */,
				83871126290A29C7003D14AD /* BookThumbnail.swift in Sources */,
				8387111A2909F657003D14AD /* Book.swift in Sources */,
				8370E8A02909E3710049983E /* BookSearchApp.swift in Sources */,
				838711222909F881003D14AD /* BookDetailView.swift in Sources */,
				838711142909E9F2003D14AD /* BookSearchResponse.swift in Sources */,
				8387111C2909F678003D14AD /* BookSearchResult.swift in Sources */,
				838711122909E73E003D14AD /* GoogleBookService.swift in Sources */,
				838711202909F867003D14AD /* BooksView.swift in Sources */,
			);
			runOnlyForDeploymentPostprocessing = 0;
		};
		8370E8A92909E3730049983E /* Sources */ = {
			isa = PBXSourcesBuildPhase;
			buildActionMask = 2147483647;
			files = (
				838711102909E5E0003D14AD /* GoogleBooksServiceTests.swift in Sources */,
			);
			runOnlyForDeploymentPostprocessing = 0;
		};
/* End PBXSourcesBuildPhase section */

/* Begin PBXTargetDependency section */
		8370E8AF2909E3730049983E /* PBXTargetDependency */ = {
			isa = PBXTargetDependency;
			target = 8370E89B2909E3710049983E /* BookSearch */;
			targetProxy = 8370E8AE2909E3730049983E /* PBXContainerItemProxy */;
		};
/* End PBXTargetDependency section */

/* Begin XCBuildConfiguration section */
		8370E8BF2909E3730049983E /* Debug */ = {
			isa = XCBuildConfiguration;
			buildSettings = {
				ALWAYS_SEARCH_USER_PATHS = NO;
				CLANG_ANALYZER_NONNULL = YES;
				CLANG_ANALYZER_NUMBER_OBJECT_CONVERSION = YES_AGGRESSIVE;
				CLANG_CXX_LANGUAGE_STANDARD = "gnu++20";
				CLANG_ENABLE_MODULES = YES;
				CLANG_ENABLE_OBJC_ARC = YES;
				CLANG_ENABLE_OBJC_WEAK = YES;
				CLANG_WARN_BLOCK_CAPTURE_AUTORELEASING = YES;
				CLANG_WARN_BOOL_CONVERSION = YES;
				CLANG_WARN_COMMA = YES;
				CLANG_WARN_CONSTANT_CONVERSION = YES;
				CLANG_WARN_DEPRECATED_OBJC_IMPLEMENTATIONS = YES;
				CLANG_WARN_DIRECT_OBJC_ISA_USAGE = YES_ERROR;
				CLANG_WARN_DOCUMENTATION_COMMENTS = YES;
				CLANG_WARN_EMPTY_BODY = YES;
				CLANG_WARN_ENUM_CONVERSION = YES;
				CLANG_WARN_INFINITE_RECURSION = YES;
				CLANG_WARN_INT_CONVERSION = YES;
				CLANG_WARN_NON_LITERAL_NULL_CONVERSION = YES;
				CLANG_WARN_OBJC_IMPLICIT_RETAIN_SELF = YES;
				CLANG_WARN_OBJC_LITERAL_CONVERSION = YES;
				CLANG_WARN_OBJC_ROOT_CLASS = YES_ERROR;
				CLANG_WARN_QUOTED_INCLUDE_IN_FRAMEWORK_HEADER = YES;
				CLANG_WARN_RANGE_LOOP_ANALYSIS = YES;
				CLANG_WARN_STRICT_PROTOTYPES = YES;
				CLANG_WARN_SUSPICIOUS_MOVE = YES;
				CLANG_WARN_UNGUARDED_AVAILABILITY = YES_AGGRESSIVE;
				CLANG_WARN_UNREACHABLE_CODE = YES;
				CLANG_WARN__DUPLICATE_METHOD_MATCH = YES;
				COPY_PHASE_STRIP = NO;
				DEBUG_INFORMATION_FORMAT = dwarf;
				ENABLE_STRICT_OBJC_MSGSEND = YES;
				ENABLE_TESTABILITY = YES;
				GCC_C_LANGUAGE_STANDARD = gnu11;
				GCC_DYNAMIC_NO_PIC = NO;
				GCC_NO_COMMON_BLOCKS = YES;
				GCC_OPTIMIZATION_LEVEL = 0;
				GCC_PREPROCESSOR_DEFINITIONS = (
					"DEBUG=1",
					"$(inherited)",
				);
				GCC_WARN_64_TO_32_BIT_CONVERSION = YES;
				GCC_WARN_ABOUT_RETURN_TYPE = YES_ERROR;
				GCC_WARN_UNDECLARED_SELECTOR = YES;
				GCC_WARN_UNINITIALIZED_AUTOS = YES_AGGRESSIVE;
				GCC_WARN_UNUSED_FUNCTION = YES;
				GCC_WARN_UNUSED_VARIABLE = YES;
				MTL_ENABLE_DEBUG_INFO = INCLUDE_SOURCE;
				MTL_FAST_MATH = YES;
				ONLY_ACTIVE_ARCH = YES;
				SWIFT_ACTIVE_COMPILATION_CONDITIONS = DEBUG;
				SWIFT_OPTIMIZATION_LEVEL = "-Onone";
			};
			name = Debug;
		};
		8370E8C02909E3730049983E /* Release */ = {
			isa = XCBuildConfiguration;
			buildSettings = {
				ALWAYS_SEARCH_USER_PATHS = NO;
				CLANG_ANALYZER_NONNULL = YES;
				CLANG_ANALYZER_NUMBER_OBJECT_CONVERSION = YES_AGGRESSIVE;
				CLANG_CXX_LANGUAGE_STANDARD = "gnu++20";
				CLANG_ENABLE_MODULES = YES;
				CLANG_ENABLE_OBJC_ARC = YES;
				CLANG_ENABLE_OBJC_WEAK = YES;
				CLANG_WARN_BLOCK_CAPTURE_AUTORELEASING = YES;
				CLANG_WARN_BOOL_CONVERSION = YES;
				CLANG_WARN_COMMA = YES;
				CLANG_WARN_CONSTANT_CONVERSION = YES;
				CLANG_WARN_DEPRECATED_OBJC_IMPLEMENTATIONS = YES;
				CLANG_WARN_DIRECT_OBJC_ISA_USAGE = YES_ERROR;
				CLANG_WARN_DOCUMENTATION_COMMENTS = YES;
				CLANG_WARN_EMPTY_BODY = YES;
				CLANG_WARN_ENUM_CONVERSION = YES;
				CLANG_WARN_INFINITE_RECURSION = YES;
				CLANG_WARN_INT_CONVERSION = YES;
				CLANG_WARN_NON_LITERAL_NULL_CONVERSION = YES;
				CLANG_WARN_OBJC_IMPLICIT_RETAIN_SELF = YES;
				CLANG_WARN_OBJC_LITERAL_CONVERSION = YES;
				CLANG_WARN_OBJC_ROOT_CLASS = YES_ERROR;
				CLANG_WARN_QUOTED_INCLUDE_IN_FRAMEWORK_HEADER = YES;
				CLANG_WARN_RANGE_LOOP_ANALYSIS = YES;
				CLANG_WARN_STRICT_PROTOTYPES = YES;
				CLANG_WARN_SUSPICIOUS_MOVE = YES;
				CLANG_WARN_UNGUARDED_AVAILABILITY = YES_AGGRESSIVE;
				CLANG_WARN_UNREACHABLE_CODE = YES;
				CLANG_WARN__DUPLICATE_METHOD_MATCH = YES;
				COPY_PHASE_STRIP = NO;
				DEBUG_INFORMATION_FORMAT = "dwarf-with-dsym";
				ENABLE_NS_ASSERTIONS = NO;
				ENABLE_STRICT_OBJC_MSGSEND = YES;
				GCC_C_LANGUAGE_STANDARD = gnu11;
				GCC_NO_COMMON_BLOCKS = YES;
				GCC_WARN_64_TO_32_BIT_CONVERSION = YES;
				GCC_WARN_ABOUT_RETURN_TYPE = YES_ERROR;
				GCC_WARN_UNDECLARED_SELECTOR = YES;
				GCC_WARN_UNINITIALIZED_AUTOS = YES_AGGRESSIVE;
				GCC_WARN_UNUSED_FUNCTION = YES;
				GCC_WARN_UNUSED_VARIABLE = YES;
				MTL_ENABLE_DEBUG_INFO = NO;
				MTL_FAST_MATH = YES;
				SWIFT_COMPILATION_MODE = wholemodule;
				SWIFT_OPTIMIZATION_LEVEL = "-O";
			};
			name = Release;
		};
		8370E8C22909E3730049983E /* Debug */ = {
			isa = XCBuildConfiguration;
			buildSettings = {
				ASSETCATALOG_COMPILER_APPICON_NAME = AppIcon;
				ASSETCATALOG_COMPILER_GLOBAL_ACCENT_COLOR_NAME = AccentColor;
				CODE_SIGN_ENTITLEMENTS = BookSearch/BookSearch.entitlements;
				CODE_SIGN_STYLE = Automatic;
				CURRENT_PROJECT_VERSION = 1;
				DEVELOPMENT_ASSET_PATHS = "\"BookSearch/Preview Content\"";
				DEVELOPMENT_TEAM = S6GR66BQ4K;
				ENABLE_HARDENED_RUNTIME = YES;
				ENABLE_PREVIEWS = YES;
				GENERATE_INFOPLIST_FILE = YES;
				"INFOPLIST_KEY_UIApplicationSceneManifest_Generation[sdk=iphoneos*]" = YES;
				"INFOPLIST_KEY_UIApplicationSceneManifest_Generation[sdk=iphonesimulator*]" = YES;
				"INFOPLIST_KEY_UIApplicationSupportsIndirectInputEvents[sdk=iphoneos*]" = YES;
				"INFOPLIST_KEY_UIApplicationSupportsIndirectInputEvents[sdk=iphonesimulator*]" = YES;
				"INFOPLIST_KEY_UILaunchScreen_Generation[sdk=iphoneos*]" = YES;
				"INFOPLIST_KEY_UILaunchScreen_Generation[sdk=iphonesimulator*]" = YES;
				"INFOPLIST_KEY_UIStatusBarStyle[sdk=iphoneos*]" = UIStatusBarStyleDefault;
				"INFOPLIST_KEY_UIStatusBarStyle[sdk=iphonesimulator*]" = UIStatusBarStyleDefault;
				INFOPLIST_KEY_UISupportedInterfaceOrientations_iPad = "UIInterfaceOrientationPortrait UIInterfaceOrientationPortraitUpsideDown UIInterfaceOrientationLandscapeLeft UIInterfaceOrientationLandscapeRight";
				INFOPLIST_KEY_UISupportedInterfaceOrientations_iPhone = "UIInterfaceOrientationPortrait UIInterfaceOrientationLandscapeLeft UIInterfaceOrientationLandscapeRight";
				IPHONEOS_DEPLOYMENT_TARGET = 16.0;
				LD_RUNPATH_SEARCH_PATHS = "@executable_path/Frameworks";
				"LD_RUNPATH_SEARCH_PATHS[sdk=macosx*]" = "@executable_path/../Frameworks";
				MACOSX_DEPLOYMENT_TARGET = 12.3;
				MARKETING_VERSION = 1.0;
				PRODUCT_BUNDLE_IDENTIFIER = com.christophershireman.BookSearch;
				PRODUCT_NAME = "$(TARGET_NAME)";
				SDKROOT = auto;
				SUPPORTED_PLATFORMS = "iphoneos iphonesimulator macosx";
				SWIFT_EMIT_LOC_STRINGS = YES;
				SWIFT_VERSION = 5.0;
				TARGETED_DEVICE_FAMILY = "1,2";
			};
			name = Debug;
		};
		8370E8C32909E3730049983E /* Release */ = {
			isa = XCBuildConfiguration;
			buildSettings = {
				ASSETCATALOG_COMPILER_APPICON_NAME = AppIcon;
				ASSETCATALOG_COMPILER_GLOBAL_ACCENT_COLOR_NAME = AccentColor;
				CODE_SIGN_ENTITLEMENTS = BookSearch/BookSearch.entitlements;
				CODE_SIGN_STYLE = Automatic;
				CURRENT_PROJECT_VERSION = 1;
				DEVELOPMENT_ASSET_PATHS = "\"BookSearch/Preview Content\"";
				DEVELOPMENT_TEAM = S6GR66BQ4K;
				ENABLE_HARDENED_RUNTIME = YES;
				ENABLE_PREVIEWS = YES;
				GENERATE_INFOPLIST_FILE = YES;
				"INFOPLIST_KEY_UIApplicationSceneManifest_Generation[sdk=iphoneos*]" = YES;
				"INFOPLIST_KEY_UIApplicationSceneManifest_Generation[sdk=iphonesimulator*]" = YES;
				"INFOPLIST_KEY_UIApplicationSupportsIndirectInputEvents[sdk=iphoneos*]" = YES;
				"INFOPLIST_KEY_UIApplicationSupportsIndirectInputEvents[sdk=iphonesimulator*]" = YES;
				"INFOPLIST_KEY_UILaunchScreen_Generation[sdk=iphoneos*]" = YES;
				"INFOPLIST_KEY_UILaunchScreen_Generation[sdk=iphonesimulator*]" = YES;
				"INFOPLIST_KEY_UIStatusBarStyle[sdk=iphoneos*]" = UIStatusBarStyleDefault;
				"INFOPLIST_KEY_UIStatusBarStyle[sdk=iphonesimulator*]" = UIStatusBarStyleDefault;
				INFOPLIST_KEY_UISupportedInterfaceOrientations_iPad = "UIInterfaceOrientationPortrait UIInterfaceOrientationPortraitUpsideDown UIInterfaceOrientationLandscapeLeft UIInterfaceOrientationLandscapeRight";
				INFOPLIST_KEY_UISupportedInterfaceOrientations_iPhone = "UIInterfaceOrientationPortrait UIInterfaceOrientationLandscapeLeft UIInterfaceOrientationLandscapeRight";
				IPHONEOS_DEPLOYMENT_TARGET = 16.0;
				LD_RUNPATH_SEARCH_PATHS = "@executable_path/Frameworks";
				"LD_RUNPATH_SEARCH_PATHS[sdk=macosx*]" = "@executable_path/../Frameworks";
				MACOSX_DEPLOYMENT_TARGET = 12.3;
				MARKETING_VERSION = 1.0;
				PRODUCT_BUNDLE_IDENTIFIER = com.christophershireman.BookSearch;
				PRODUCT_NAME = "$(TARGET_NAME)";
				SDKROOT = auto;
				SUPPORTED_PLATFORMS = "iphoneos iphonesimulator macosx";
				SWIFT_EMIT_LOC_STRINGS = YES;
				SWIFT_VERSION = 5.0;
				TARGETED_DEVICE_FAMILY = "1,2";
			};
			name = Release;
		};
		8370E8C52909E3730049983E /* Debug */ = {
			isa = XCBuildConfiguration;
			buildSettings = {
				ALWAYS_EMBED_SWIFT_STANDARD_LIBRARIES = YES;
				BUNDLE_LOADER = "$(TEST_HOST)";
				CLANG_ENABLE_MODULES = YES;
				CODE_SIGN_STYLE = Automatic;
				CURRENT_PROJECT_VERSION = 1;
				DEVELOPMENT_TEAM = S6GR66BQ4K;
				GENERATE_INFOPLIST_FILE = YES;
				IPHONEOS_DEPLOYMENT_TARGET = 16.0;
				LD_RUNPATH_SEARCH_PATHS = (
					"$(inherited)",
					"@executable_path/Frameworks",
					"@loader_path/Frameworks",
				);
				MACOSX_DEPLOYMENT_TARGET = 12.3;
				MARKETING_VERSION = 1.0;
				PRODUCT_BUNDLE_IDENTIFIER = com.christophershireman.BookSearchTests;
				PRODUCT_NAME = "$(TARGET_NAME)";
				SDKROOT = auto;
				SUPPORTED_PLATFORMS = "iphoneos iphonesimulator macosx";
				SWIFT_EMIT_LOC_STRINGS = NO;
				SWIFT_OPTIMIZATION_LEVEL = "-Onone";
				SWIFT_VERSION = 5.0;
				TARGETED_DEVICE_FAMILY = "1,2";
				TEST_HOST = "$(BUILT_PRODUCTS_DIR)/BookSearch.app/$(BUNDLE_EXECUTABLE_FOLDER_PATH)/BookSearch";
			};
			name = Debug;
		};
		8370E8C62909E3730049983E /* Release */ = {
			isa = XCBuildConfiguration;
			buildSettings = {
				ALWAYS_EMBED_SWIFT_STANDARD_LIBRARIES = YES;
				BUNDLE_LOADER = "$(TEST_HOST)";
				CLANG_ENABLE_MODULES = YES;
				CODE_SIGN_STYLE = Automatic;
				CURRENT_PROJECT_VERSION = 1;
				DEVELOPMENT_TEAM = S6GR66BQ4K;
				GENERATE_INFOPLIST_FILE = YES;
				IPHONEOS_DEPLOYMENT_TARGET = 16.0;
				LD_RUNPATH_SEARCH_PATHS = (
					"$(inherited)",
					"@executable_path/Frameworks",
					"@loader_path/Frameworks",
				);
				MACOSX_DEPLOYMENT_TARGET = 12.3;
				MARKETING_VERSION = 1.0;
				PRODUCT_BUNDLE_IDENTIFIER = com.christophershireman.BookSearchTests;
				PRODUCT_NAME = "$(TARGET_NAME)";
				SDKROOT = auto;
				SUPPORTED_PLATFORMS = "iphoneos iphonesimulator macosx";
				SWIFT_EMIT_LOC_STRINGS = NO;
				SWIFT_VERSION = 5.0;
				TARGETED_DEVICE_FAMILY = "1,2";
				TEST_HOST = "$(BUILT_PRODUCTS_DIR)/BookSearch.app/$(BUNDLE_EXECUTABLE_FOLDER_PATH)/BookSearch";
			};
			name = Release;
		};
/* End XCBuildConfiguration section */

/* Begin XCConfigurationList section */
		8370E8972909E3710049983E /* Build configuration list for PBXProject "BookSearch" */ = {
			isa = XCConfigurationList;
			buildConfigurations = (
				8370E8BF2909E3730049983E /* Debug */,
				8370E8C02909E3730049983E /* Release */,
			);
			defaultConfigurationIsVisible = 0;
			defaultConfigurationName = Release;
		};
		8370E8C12909E3730049983E /* Build configuration list for PBXNativeTarget "BookSearch" */ = {
			isa = XCConfigurationList;
			buildConfigurations = (
				8370E8C22909E3730049983E /* Debug */,
				8370E8C32909E3730049983E /* Release */,
			);
			defaultConfigurationIsVisible = 0;
			defaultConfigurationName = Release;
		};
		8370E8C42909E3730049983E /* Build configuration list for PBXNativeTarget "BookSearchTests" */ = {
			isa = XCConfigurationList;
			buildConfigurations = (
				8370E8C52909E3730049983E /* Debug */,
				8370E8C62909E3730049983E /* Release */,
			);
			defaultConfigurationIsVisible = 0;
			defaultConfigurationName = Release;
		};
/* End XCConfigurationList section */
	};
	rootObject = 8370E8942909E3710049983E /* Project object */;
}
